
Microsoft Visual Studio Solution File, Format Version 12.00
# Visual Studio Version 17
VisualStudioVersion = 17.7.34009.444
MinimumVisualStudioVersion = 10.0.40219.1
Project("{9A19103F-16F7-4668-BE54-9A1E7A4F7556}") = "MatchingGame", "Card-Matching\MatchingGame.csproj", "{75030D72-84E6-4B23-BC9F-2ED932FAAF24}"
EndProject
Project("{D954291E-2A0B-460D-934E-DC6B0785DB48}") = "Share", "Share\Share.shproj", "{7B0B3D8C-D53C-4AF7-914D-C80969D5E68C}"
EndProject
Global
	GlobalSection(SolutionConfigurationPlatforms) = preSolution
		Debug|Any CPU = Debug|Any CPU
		Release|Any CPU = Release|Any CPU
	EndGlobalSection
	GlobalSection(ProjectConfigurationPlatforms) = postSolution
		{75030D72-84E6-4B23-BC9F-2ED932FAAF24}.Debug|Any CPU.ActiveCfg = Debug|Any CPU
		{75030D72-84E6-4B23-BC9F-2ED932FAAF24}.Debug|Any CPU.Build.0 = Debug|Any CPU
		{75030D72-84E6-4B23-BC9F-2ED932FAAF24}.Release|Any CPU.ActiveCfg = Release|Any CPU
		{75030D72-84E6-4B23-BC9F-2ED932FAAF24}.Release|Any CPU.Build.0 = Release|Any CPU
	EndGlobalSection
	GlobalSection(SolutionProperties) = preSolution
		HideSolutionNode = FALSE
	EndGlobalSection
	GlobalSection(ExtensibilityGlobals) = postSolution
		SolutionGuid = {8B724A5D-1812-4ACB-B538-B53C159ED5E3}
	EndGlobalSection
	GlobalSection(SharedMSBuildProjectFiles) = preSolution
		Share\Share.projitems*{75030d72-84e6-4b23-bc9f-2ed932faaf24}*SharedItemsImports = 5
		Share\Share.projitems*{7b0b3d8c-d53c-4af7-914d-c80969d5e68c}*SharedItemsImports = 13
	EndGlobalSection
EndGlobal
